
Microsoft Visual Studio Solution File, Format Version 12.00
# Visual Studio 15
VisualStudioVersion = 15.0.28307.106
MinimumVisualStudioVersion = 10.0.40219.1
Project("{FAE04EC0-301F-11D3-BF4B-00C04F79EFBC}") = "api", "api\api.csproj", "{58203E93-7299-4EB1-B0E8-25E9640A8A7B}"
EndProject
Project("{FAE04EC0-301F-11D3-BF4B-00C04F79EFBC}") = "api.test", "api.test\api.test.csproj", "{A779073B-BC51-4F4A-A013-EEC6600C5996}"
EndProject
Global
	GlobalSection(SolutionConfigurationPlatforms) = preSolution
		Debug|Any CPU = Debug|Any CPU
		Release|Any CPU = Release|Any CPU
	EndGlobalSection
	GlobalSection(ProjectConfigurationPlatforms) = postSolution
		{58203E93-7299-4EB1-B0E8-25E9640A8A7B}.Debug|Any CPU.ActiveCfg = Debug|Any CPU
		{58203E93-7299-4EB1-B0E8-25E9640A8A7B}.Debug|Any CPU.Build.0 = Debug|Any CPU
		{58203E93-7299-4EB1-B0E8-25E9640A8A7B}.Release|Any CPU.ActiveCfg = Release|Any CPU
		{58203E93-7299-4EB1-B0E8-25E9640A8A7B}.Release|Any CPU.Build.0 = Release|Any CPU
		{A779073B-BC51-4F4A-A013-EEC6600C5996}.Debug|Any CPU.ActiveCfg = Debug|Any CPU
		{A779073B-BC51-4F4A-A013-EEC6600C5996}.Debug|Any CPU.Build.0 = Debug|Any CPU
		{A779073B-BC51-4F4A-A013-EEC6600C5996}.Release|Any CPU.ActiveCfg = Release|Any CPU
		{A779073B-BC51-4F4A-A013-EEC6600C5996}.Release|Any CPU.Build.0 = Release|Any CPU
	EndGlobalSection
	GlobalSection(SolutionProperties) = preSolution
		HideSolutionNode = FALSE
	EndGlobalSection
	GlobalSection(ExtensibilityGlobals) = postSolution
		SolutionGuid = {D3FE8414-2A02-4533-9DDA-B9C10884F1EF}
	EndGlobalSection
EndGlobal
